// !$*UTF8*$!
{
	archiveVersion = 1;
	classes = {
	};
	objectVersion = 46;
	objects = {

/* Begin PBXBuildFile section */
		883FBCEC1B1E68EC0095A8C8 /* Icon-40.png in Resources */ = {isa = PBXBuildFile; fileRef = 883FBCE21B1E68EC0095A8C8 /* Icon-40.png */; };
		883FBCED1B1E68EC0095A8C8 /* Icon-40@2x.png in Resources */ = {isa = PBXBuildFile; fileRef = 883FBCE31B1E68EC0095A8C8 /* Icon-40@2x.png */; };
		883FBCEE1B1E68EC0095A8C8 /* Icon-40@3x.png in Resources */ = {isa = PBXBuildFile; fileRef = 883FBCE41B1E68EC0095A8C8 /* Icon-40@3x.png */; };
		883FBCEF1B1E68EC0095A8C8 /* Icon-60@2x.png in Resources */ = {isa = PBXBuildFile; fileRef = 883FBCE51B1E68EC0095A8C8 /* Icon-60@2x.png */; };
		883FBCF01B1E68EC0095A8C8 /* Icon-60@3x.png in Resources */ = {isa = PBXBuildFile; fileRef = 883FBCE61B1E68EC0095A8C8 /* Icon-60@3x.png */; };
		883FBCF11B1E68EC0095A8C8 /* Icon-76.png in Resources */ = {isa = PBXBuildFile; fileRef = 883FBCE71B1E68EC0095A8C8 /* Icon-76.png */; };
		883FBCF21B1E68EC0095A8C8 /* Icon-76@2x.png in Resources */ = {isa = PBXBuildFile; fileRef = 883FBCE81B1E68EC0095A8C8 /* Icon-76@2x.png */; };
		883FBCF31B1E68EC0095A8C8 /* Icon-Small.png in Resources */ = {isa = PBXBuildFile; fileRef = 883FBCE91B1E68EC0095A8C8 /* Icon-Small.png */; };
		883FBCF41B1E68EC0095A8C8 /* Icon-Small@2x.png in Resources */ = {isa = PBXBuildFile; fileRef = 883FBCEA1B1E68EC0095A8C8 /* Icon-Small@2x.png */; };
		883FBCF51B1E68EC0095A8C8 /* Icon-Small@3x.png in Resources */ = {isa = PBXBuildFile; fileRef = 883FBCEB1B1E68EC0095A8C8 /* Icon-Small@3x.png */; };
		883FBCF71B1E690B0095A8C8 /* Images.xcassets in Resources */ = {isa = PBXBuildFile; fileRef = 883FBCF61B1E690B0095A8C8 /* Images.xcassets */; };
		886FC58E1B1E5FA6006ADDF4 /* AppDelegate.swift in Sources */ = {isa = PBXBuildFile; fileRef = 886FC58D1B1E5FA6006ADDF4 /* AppDelegate.swift */; };
		886FC5901B1E5FA6006ADDF4 /* FirstViewController.swift in Sources */ = {isa = PBXBuildFile; fileRef = 886FC58F1B1E5FA6006ADDF4 /* FirstViewController.swift */; };
		886FC5921B1E5FA6006ADDF4 /* SecondViewController.swift in Sources */ = {isa = PBXBuildFile; fileRef = 886FC5911B1E5FA6006ADDF4 /* SecondViewController.swift */; };
		886FC5951B1E5FA6006ADDF4 /* Main.storyboard in Resources */ = {isa = PBXBuildFile; fileRef = 886FC5931B1E5FA6006ADDF4 /* Main.storyboard */; };
		886FC59A1B1E5FA6006ADDF4 /* LaunchScreen.xib in Resources */ = {isa = PBXBuildFile; fileRef = 886FC5981B1E5FA6006ADDF4 /* LaunchScreen.xib */; };
		886FC5A61B1E5FA6006ADDF4 /* SuperMarketTests.swift in Sources */ = {isa = PBXBuildFile; fileRef = 886FC5A51B1E5FA6006ADDF4 /* SuperMarketTests.swift */; };
/* End PBXBuildFile section */

/* Begin PBXContainerItemProxy section */
		886FC5A01B1E5FA6006ADDF4 /* PBXContainerItemProxy */ = {
			isa = PBXContainerItemProxy;
			containerPortal = 886FC5801B1E5FA6006ADDF4 /* Project object */;
			proxyType = 1;
			remoteGlobalIDString = 886FC5871B1E5FA6006ADDF4;
			remoteInfo = SuperMarket;
		};
/* End PBXContainerItemProxy section */

/* Begin PBXFileReference section */
		883FBCE21B1E68EC0095A8C8 /* Icon-40.png */ = {isa = PBXFileReference; lastKnownFileType = image.png; path = "Icon-40.png"; sourceTree = "<group>"; };
		883FBCE31B1E68EC0095A8C8 /* Icon-40@2x.png */ = {isa = PBXFileReference; lastKnownFileType = image.png; path = "Icon-40@2x.png"; sourceTree = "<group>"; };
		883FBCE41B1E68EC0095A8C8 /* Icon-40@3x.png */ = {isa = PBXFileReference; lastKnownFileType = image.png; path = "Icon-40@3x.png"; sourceTree = "<group>"; };
		883FBCE51B1E68EC0095A8C8 /* Icon-60@2x.png */ = {isa = PBXFileReference; lastKnownFileType = image.png; path = "Icon-60@2x.png"; sourceTree = "<group>"; };
		883FBCE61B1E68EC0095A8C8 /* Icon-60@3x.png */ = {isa = PBXFileReference; lastKnownFileType = image.png; path = "Icon-60@3x.png"; sourceTree = "<group>"; };
		883FBCE71B1E68EC0095A8C8 /* Icon-76.png */ = {isa = PBXFileReference; lastKnownFileType = image.png; path = "Icon-76.png"; sourceTree = "<group>"; };
		883FBCE81B1E68EC0095A8C8 /* Icon-76@2x.png */ = {isa = PBXFileReference; lastKnownFileType = image.png; path = "Icon-76@2x.png"; sourceTree = "<group>"; };
		883FBCE91B1E68EC0095A8C8 /* Icon-Small.png */ = {isa = PBXFileReference; lastKnownFileType = image.png; path = "Icon-Small.png"; sourceTree = "<group>"; };
		883FBCEA1B1E68EC0095A8C8 /* Icon-Small@2x.png */ = {isa = PBXFileReference; lastKnownFileType = image.png; path = "Icon-Small@2x.png"; sourceTree = "<group>"; };
		883FBCEB1B1E68EC0095A8C8 /* Icon-Small@3x.png */ = {isa = PBXFileReference; lastKnownFileType = image.png; path = "Icon-Small@3x.png"; sourceTree = "<group>"; };
		883FBCF61B1E690B0095A8C8 /* Images.xcassets */ = {isa = PBXFileReference; lastKnownFileType = folder.assetcatalog; path = Images.xcassets; sourceTree = "<group>"; };
		886FC5881B1E5FA6006ADDF4 /* SuperMarket.app */ = {isa = PBXFileReference; explicitFileType = wrapper.application; includeInIndex = 0; path = SuperMarket.app; sourceTree = BUILT_PRODUCTS_DIR; };
		886FC58C1B1E5FA6006ADDF4 /* Info.plist */ = {isa = PBXFileReference; lastKnownFileType = text.plist.xml; path = Info.plist; sourceTree = "<group>"; };
		886FC58D1B1E5FA6006ADDF4 /* AppDelegate.swift */ = {isa = PBXFileReference; lastKnownFileType = sourcecode.swift; path = AppDelegate.swift; sourceTree = "<group>"; };
		886FC58F1B1E5FA6006ADDF4 /* FirstViewController.swift */ = {isa = PBXFileReference; lastKnownFileType = sourcecode.swift; path = FirstViewController.swift; sourceTree = "<group>"; };
		886FC5911B1E5FA6006ADDF4 /* SecondViewController.swift */ = {isa = PBXFileReference; lastKnownFileType = sourcecode.swift; path = SecondViewController.swift; sourceTree = "<group>"; };
		886FC5941B1E5FA6006ADDF4 /* Base */ = {isa = PBXFileReference; lastKnownFileType = file.storyboard; name = Base; path = Base.lproj/Main.storyboard; sourceTree = "<group>"; };
		886FC5991B1E5FA6006ADDF4 /* Base */ = {isa = PBXFileReference; lastKnownFileType = file.xib; name = Base; path = Base.lproj/LaunchScreen.xib; sourceTree = "<group>"; };
		886FC59F1B1E5FA6006ADDF4 /* SuperMarketTests.xctest */ = {isa = PBXFileReference; explicitFileType = wrapper.cfbundle; includeInIndex = 0; path = SuperMarketTests.xctest; sourceTree = BUILT_PRODUCTS_DIR; };
		886FC5A41B1E5FA6006ADDF4 /* Info.plist */ = {isa = PBXFileReference; lastKnownFileType = text.plist.xml; path = Info.plist; sourceTree = "<group>"; };
		886FC5A51B1E5FA6006ADDF4 /* SuperMarketTests.swift */ = {isa = PBXFileReference; lastKnownFileType = sourcecode.swift; path = SuperMarketTests.swift; sourceTree = "<group>"; };
/* End PBXFileReference section */

/* Begin PBXFrameworksBuildPhase section */
		886FC5851B1E5FA6006ADDF4 /* Frameworks */ = {
			isa = PBXFrameworksBuildPhase;
			buildActionMask = 2147483647;
			files = (
			);
			runOnlyForDeploymentPostprocessing = 0;
		};
		886FC59C1B1E5FA6006ADDF4 /* Frameworks */ = {
			isa = PBXFrameworksBuildPhase;
			buildActionMask = 2147483647;
			files = (
			);
			runOnlyForDeploymentPostprocessing = 0;
		};
/* End PBXFrameworksBuildPhase section */

/* Begin PBXGroup section */
		883FBCE11B1E689F0095A8C8 /* images */ = {
			isa = PBXGroup;
			children = (
				883FBCE21B1E68EC0095A8C8 /* Icon-40.png */,
				883FBCE31B1E68EC0095A8C8 /* Icon-40@2x.png */,
				883FBCE41B1E68EC0095A8C8 /* Icon-40@3x.png */,
				883FBCE51B1E68EC0095A8C8 /* Icon-60@2x.png */,
				883FBCE61B1E68EC0095A8C8 /* Icon-60@3x.png */,
				883FBCE71B1E68EC0095A8C8 /* Icon-76.png */,
				883FBCE81B1E68EC0095A8C8 /* Icon-76@2x.png */,
				883FBCE91B1E68EC0095A8C8 /* Icon-Small.png */,
				883FBCEA1B1E68EC0095A8C8 /* Icon-Small@2x.png */,
				883FBCEB1B1E68EC0095A8C8 /* Icon-Small@3x.png */,
			);
			path = images;
			sourceTree = "<group>";
		};
		886FC57F1B1E5FA6006ADDF4 = {
			isa = PBXGroup;
			children = (
				886FC58A1B1E5FA6006ADDF4 /* SuperMarket */,
				886FC5A21B1E5FA6006ADDF4 /* SuperMarketTests */,
				886FC5891B1E5FA6006ADDF4 /* Products */,
			);
			sourceTree = "<group>";
		};
		886FC5891B1E5FA6006ADDF4 /* Products */ = {
			isa = PBXGroup;
			children = (
				886FC5881B1E5FA6006ADDF4 /* SuperMarket.app */,
				886FC59F1B1E5FA6006ADDF4 /* SuperMarketTests.xctest */,
			);
			name = Products;
			sourceTree = "<group>";
		};
		886FC58A1B1E5FA6006ADDF4 /* SuperMarket */ = {
			isa = PBXGroup;
			children = (
				883FBCE11B1E689F0095A8C8 /* images */,
				886FC58D1B1E5FA6006ADDF4 /* AppDelegate.swift */,
				886FC58F1B1E5FA6006ADDF4 /* FirstViewController.swift */,
				886FC5911B1E5FA6006ADDF4 /* SecondViewController.swift */,
				886FC5931B1E5FA6006ADDF4 /* Main.storyboard */,
				886FC5981B1E5FA6006ADDF4 /* LaunchScreen.xib */,
				883FBCF61B1E690B0095A8C8 /* Images.xcassets */,
				886FC58B1B1E5FA6006ADDF4 /* Supporting Files */,
			);
			path = SuperMarket;
			sourceTree = "<group>";
		};
		886FC58B1B1E5FA6006ADDF4 /* Supporting Files */ = {
			isa = PBXGroup;
			children = (
				886FC58C1B1E5FA6006ADDF4 /* Info.plist */,
			);
			name = "Supporting Files";
			sourceTree = "<group>";
		};
		886FC5A21B1E5FA6006ADDF4 /* SuperMarketTests */ = {
			isa = PBXGroup;
			children = (
				886FC5A51B1E5FA6006ADDF4 /* SuperMarketTests.swift */,
				886FC5A31B1E5FA6006ADDF4 /* Supporting Files */,
			);
			path = SuperMarketTests;
			sourceTree = "<group>";
		};
		886FC5A31B1E5FA6006ADDF4 /* Supporting Files */ = {
			isa = PBXGroup;
			children = (
				886FC5A41B1E5FA6006ADDF4 /* Info.plist */,
			);
			name = "Supporting Files";
			sourceTree = "<group>";
		};
/* End PBXGroup section */

/* Begin PBXNativeTarget section */
		886FC5871B1E5FA6006ADDF4 /* SuperMarket */ = {
			isa = PBXNativeTarget;
			buildConfigurationList = 886FC5A91B1E5FA6006ADDF4 /* Build configuration list for PBXNativeTarget "SuperMarket" */;
			buildPhases = (
				886FC5841B1E5FA6006ADDF4 /* Sources */,
				886FC5851B1E5FA6006ADDF4 /* Frameworks */,
				886FC5861B1E5FA6006ADDF4 /* Resources */,
			);
			buildRules = (
			);
			dependencies = (
			);
			name = SuperMarket;
			productName = SuperMarket;
			productReference = 886FC5881B1E5FA6006ADDF4 /* SuperMarket.app */;
			productType = "com.apple.product-type.application";
		};
		886FC59E1B1E5FA6006ADDF4 /* SuperMarketTests */ = {
			isa = PBXNativeTarget;
			buildConfigurationList = 886FC5AC1B1E5FA6006ADDF4 /* Build configuration list for PBXNativeTarget "SuperMarketTests" */;
			buildPhases = (
				886FC59B1B1E5FA6006ADDF4 /* Sources */,
				886FC59C1B1E5FA6006ADDF4 /* Frameworks */,
				886FC59D1B1E5FA6006ADDF4 /* Resources */,
			);
			buildRules = (
			);
			dependencies = (
				886FC5A11B1E5FA6006ADDF4 /* PBXTargetDependency */,
			);
			name = SuperMarketTests;
			productName = SuperMarketTests;
			productReference = 886FC59F1B1E5FA6006ADDF4 /* SuperMarketTests.xctest */;
			productType = "com.apple.product-type.bundle.unit-test";
		};
/* End PBXNativeTarget section */

/* Begin PBXProject section */
		886FC5801B1E5FA6006ADDF4 /* Project object */ = {
			isa = PBXProject;
			attributes = {
				LastUpgradeCheck = 0630;
				ORGANIZATIONNAME = MilNik;
				TargetAttributes = {
					886FC5871B1E5FA6006ADDF4 = {
						CreatedOnToolsVersion = 6.3.1;
					};
					886FC59E1B1E5FA6006ADDF4 = {
						CreatedOnToolsVersion = 6.3.1;
						TestTargetID = 886FC5871B1E5FA6006ADDF4;
					};
				};
			};
			buildConfigurationList = 886FC5831B1E5FA6006ADDF4 /* Build configuration list for PBXProject "SuperMarket" */;
			compatibilityVersion = "Xcode 3.2";
			developmentRegion = English;
			hasScannedForEncodings = 0;
			knownRegions = (
				en,
				Base,
			);
			mainGroup = 886FC57F1B1E5FA6006ADDF4;
			productRefGroup = 886FC5891B1E5FA6006ADDF4 /* Products */;
			projectDirPath = "";
			projectRoot = "";
			targets = (
				886FC5871B1E5FA6006ADDF4 /* SuperMarket */,
				886FC59E1B1E5FA6006ADDF4 /* SuperMarketTests */,
			);
		};
/* End PBXProject section */

/* Begin PBXResourcesBuildPhase section */
		886FC5861B1E5FA6006ADDF4 /* Resources */ = {
			isa = PBXResourcesBuildPhase;
			buildActionMask = 2147483647;
			files = (
				886FC5951B1E5FA6006ADDF4 /* Main.storyboard in Resources */,
				883FBCF71B1E690B0095A8C8 /* Images.xcassets in Resources */,
				883FBCF21B1E68EC0095A8C8 /* Icon-76@2x.png in Resources */,
				883FBCF11B1E68EC0095A8C8 /* Icon-76.png in Resources */,
				883FBCED1B1E68EC0095A8C8 /* Icon-40@2x.png in Resources */,
				886FC59A1B1E5FA6006ADDF4 /* LaunchScreen.xib in Resources */,
				883FBCEC1B1E68EC0095A8C8 /* Icon-40.png in Resources */,
				883FBCF51B1E68EC0095A8C8 /* Icon-Small@3x.png in Resources */,
				883FBCF01B1E68EC0095A8C8 /* Icon-60@3x.png in Resources */,
				883FBCEE1B1E68EC0095A8C8 /* Icon-40@3x.png in Resources */,
				883FBCF31B1E68EC0095A8C8 /* Icon-Small.png in Resources */,
				883FBCEF1B1E68EC0095A8C8 /* Icon-60@2x.png in Resources */,
				883FBCF41B1E68EC0095A8C8 /* Icon-Small@2x.png in Resources */,
			);
			runOnlyForDeploymentPostprocessing = 0;
		};
		886FC59D1B1E5FA6006ADDF4 /* Resources */ = {
			isa = PBXResourcesBuildPhase;
			buildActionMask = 2147483647;
			files = (
			);
			runOnlyForDeploymentPostprocessing = 0;
		};
/* End PBXResourcesBuildPhase section */

/* Begin PBXSourcesBuildPhase section */
		886FC5841B1E5FA6006ADDF4 /* Sources */ = {
			isa = PBXSourcesBuildPhase;
			buildActionMask = 2147483647;
			files = (
				886FC5921B1E5FA6006ADDF4 /* SecondViewController.swift in Sources */,
				886FC58E1B1E5FA6006ADDF4 /* AppDelegate.swift in Sources */,
				886FC5901B1E5FA6006ADDF4 /* FirstViewController.swift in Sources */,
			);
			runOnlyForDeploymentPostprocessing = 0;
		};
		886FC59B1B1E5FA6006ADDF4 /* Sources */ = {
			isa = PBXSourcesBuildPhase;
			buildActionMask = 2147483647;
			files = (
				886FC5A61B1E5FA6006ADDF4 /* SuperMarketTests.swift in Sources */,
			);
			runOnlyForDeploymentPostprocessing = 0;
		};
/* End PBXSourcesBuildPhase section */

/* Begin PBXTargetDependency section */
		886FC5A11B1E5FA6006ADDF4 /* PBXTargetDependency */ = {
			isa = PBXTargetDependency;
			target = 886FC5871B1E5FA6006ADDF4 /* SuperMarket */;
			targetProxy = 886FC5A01B1E5FA6006ADDF4 /* PBXContainerItemProxy */;
		};
/* End PBXTargetDependency section */

/* Begin PBXVariantGroup section */
		886FC5931B1E5FA6006ADDF4 /* Main.storyboard */ = {
			isa = PBXVariantGroup;
			children = (
				886FC5941B1E5FA6006ADDF4 /* Base */,
			);
			name = Main.storyboard;
			sourceTree = "<group>";
		};
		886FC5981B1E5FA6006ADDF4 /* LaunchScreen.xib */ = {
			isa = PBXVariantGroup;
			children = (
				886FC5991B1E5FA6006ADDF4 /* Base */,
			);
			name = LaunchScreen.xib;
			sourceTree = "<group>";
		};
/* End PBXVariantGroup section */

/* Begin XCBuildConfiguration section */
		886FC5A71B1E5FA6006ADDF4 /* Debug */ = {
			isa = XCBuildConfiguration;
			buildSettings = {
				ALWAYS_SEARCH_USER_PATHS = NO;
				CLANG_CXX_LANGUAGE_STANDARD = "gnu++0x";
				CLANG_CXX_LIBRARY = "libc++";
				CLANG_ENABLE_MODULES = YES;
				CLANG_ENABLE_OBJC_ARC = YES;
				CLANG_WARN_BOOL_CONVERSION = YES;
				CLANG_WARN_CONSTANT_CONVERSION = YES;
				CLANG_WARN_DIRECT_OBJC_ISA_USAGE = YES_ERROR;
				CLANG_WARN_EMPTY_BODY = YES;
				CLANG_WARN_ENUM_CONVERSION = YES;
				CLANG_WARN_INT_CONVERSION = YES;
				CLANG_WARN_OBJC_ROOT_CLASS = YES_ERROR;
				CLANG_WARN_UNREACHABLE_CODE = YES;
				CLANG_WARN__DUPLICATE_METHOD_MATCH = YES;
				"CODE_SIGN_IDENTITY[sdk=iphoneos*]" = "iPhone Developer";
				COPY_PHASE_STRIP = NO;
				DEBUG_INFORMATION_FORMAT = "dwarf-with-dsym";
				ENABLE_STRICT_OBJC_MSGSEND = YES;
				GCC_C_LANGUAGE_STANDARD = gnu99;
				GCC_DYNAMIC_NO_PIC = NO;
				GCC_NO_COMMON_BLOCKS = YES;
				GCC_OPTIMIZATION_LEVEL = 0;
				GCC_PREPROCESSOR_DEFINITIONS = (
					"DEBUG=1",
					"$(inherited)",
				);
				GCC_SYMBOLS_PRIVATE_EXTERN = NO;
				GCC_WARN_64_TO_32_BIT_CONVERSION = YES;
				GCC_WARN_ABOUT_RETURN_TYPE = YES_ERROR;
				GCC_WARN_UNDECLARED_SELECTOR = YES;
				GCC_WARN_UNINITIALIZED_AUTOS = YES_AGGRESSIVE;
				GCC_WARN_UNUSED_FUNCTION = YES;
				GCC_WARN_UNUSED_VARIABLE = YES;
				IPHONEOS_DEPLOYMENT_TARGET = 8.3;
				MTL_ENABLE_DEBUG_INFO = YES;
				ONLY_ACTIVE_ARCH = YES;
				SDKROOT = iphoneos;
				SWIFT_OPTIMIZATION_LEVEL = "-Onone";
			};
			name = Debug;
		};
		886FC5A81B1E5FA6006ADDF4 /* Release */ = {
			isa = XCBuildConfiguration;
			buildSettings = {
				ALWAYS_SEARCH_USER_PATHS = NO;
				CLANG_CXX_LANGUAGE_STANDARD = "gnu++0x";
				CLANG_CXX_LIBRARY = "libc++";
				CLANG_ENABLE_MODULES = YES;
				CLANG_ENABLE_OBJC_ARC = YES;
				CLANG_WARN_BOOL_CONVERSION = YES;
				CLANG_WARN_CONSTANT_CONVERSION = YES;
				CLANG_WARN_DIRECT_OBJC_ISA_USAGE = YES_ERROR;
				CLANG_WARN_EMPTY_BODY = YES;
				CLANG_WARN_ENUM_CONVERSION = YES;
				CLANG_WARN_INT_CONVERSION = YES;
				CLANG_WARN_OBJC_ROOT_CLASS = YES_ERROR;
				CLANG_WARN_UNREACHABLE_CODE = YES;
				CLANG_WARN__DUPLICATE_METHOD_MATCH = YES;
				"CODE_SIGN_IDENTITY[sdk=iphoneos*]" = "iPhone Developer";
				COPY_PHASE_STRIP = NO;
				DEBUG_INFORMATION_FORMAT = "dwarf-with-dsym";
				ENABLE_NS_ASSERTIONS = NO;
				ENABLE_STRICT_OBJC_MSGSEND = YES;
				GCC_C_LANGUAGE_STANDARD = gnu99;
				GCC_NO_COMMON_BLOCKS = YES;
				GCC_WARN_64_TO_32_BIT_CONVERSION = YES;
				GCC_WARN_ABOUT_RETURN_TYPE = YES_ERROR;
				GCC_WARN_UNDECLARED_SELECTOR = YES;
				GCC_WARN_UNINITIALIZED_AUTOS = YES_AGGRESSIVE;
				GCC_WARN_UNUSED_FUNCTION = YES;
				GCC_WARN_UNUSED_VARIABLE = YES;
				IPHONEOS_DEPLOYMENT_TARGET = 8.3;
				MTL_ENABLE_DEBUG_INFO = NO;
				SDKROOT = iphoneos;
				VALIDATE_PRODUCT = YES;
			};
			name = Release;
		};
		886FC5AA1B1E5FA6006ADDF4 /* Debug */ = {
			isa = XCBuildConfiguration;
			buildSettings = {
				ASSETCATALOG_COMPILER_APPICON_NAME = AppIcon;
				ASSETCATALOG_COMPILER_LAUNCHIMAGE_NAME = LaunchImage;
				INFOPLIST_FILE = SuperMarket/Info.plist;
				LD_RUNPATH_SEARCH_PATHS = "$(inherited) @executable_path/Frameworks";
				PRODUCT_NAME = "$(TARGET_NAME)";
			};
			name = Debug;
		};
		886FC5AB1B1E5FA6006ADDF4 /* Release */ = {
			isa = XCBuildConfiguration;
			buildSettings = {
				ASSETCATALOG_COMPILER_APPICON_NAME = AppIcon;
				ASSETCATALOG_COMPILER_LAUNCHIMAGE_NAME = LaunchImage;
				INFOPLIST_FILE = SuperMarket/Info.plist;
				LD_RUNPATH_SEARCH_PATHS = "$(inherited) @executable_path/Frameworks";
				PRODUCT_NAME = "$(TARGET_NAME)";
			};
			name = Release;
		};
		886FC5AD1B1E5FA6006ADDF4 /* Debug */ = {
			isa = XCBuildConfiguration;
			buildSettings = {
				BUNDLE_LOADER = "$(TEST_HOST)";
				FRAMEWORK_SEARCH_PATHS = (
					"$(SDKROOT)/Developer/Library/Frameworks",
					"$(inherited)",
				);
				GCC_PREPROCESSOR_DEFINITIONS = (
					"DEBUG=1",
					"$(inherited)",
				);
				INFOPLIST_FILE = SuperMarketTests/Info.plist;
				LD_RUNPATH_SEARCH_PATHS = "$(inherited) @executable_path/Frameworks @loader_path/Frameworks";
				PRODUCT_NAME = "$(TARGET_NAME)";
				TEST_HOST = "$(BUILT_PRODUCTS_DIR)/SuperMarket.app/SuperMarket";
			};
			name = Debug;
		};
		886FC5AE1B1E5FA6006ADDF4 /* Release */ = {
			isa = XCBuildConfiguration;
			buildSettings = {
				BUNDLE_LOADER = "$(TEST_HOST)";
				FRAMEWORK_SEARCH_PATHS = (
					"$(SDKROOT)/Developer/Library/Frameworks",
					"$(inherited)",
				);
				INFOPLIST_FILE = SuperMarketTests/Info.plist;
				LD_RUNPATH_SEARCH_PATHS = "$(inherited) @executable_path/Frameworks @loader_path/Frameworks";
				PRODUCT_NAME = "$(TARGET_NAME)";
				TEST_HOST = "$(BUILT_PRODUCTS_DIR)/SuperMarket.app/SuperMarket";
			};
			name = Release;
		};
/* End XCBuildConfiguration section */

/* Begin XCConfigurationList section */
		886FC5831B1E5FA6006ADDF4 /* Build configuration list for PBXProject "SuperMarket" */ = {
			isa = XCConfigurationList;
			buildConfigurations = (
				886FC5A71B1E5FA6006ADDF4 /* Debug */,
				886FC5A81B1E5FA6006ADDF4 /* Release */,
			);
			defaultConfigurationIsVisible = 0;
			defaultConfigurationName = Release;
		};
		886FC5A91B1E5FA6006ADDF4 /* Build configuration list for PBXNativeTarget "SuperMarket" */ = {
			isa = XCConfigurationList;
			buildConfigurations = (
				886FC5AA1B1E5FA6006ADDF4 /* Debug */,
				886FC5AB1B1E5FA6006ADDF4 /* Release */,
			);
			defaultConfigurationIsVisible = 0;
			defaultConfigurationName = Release;
		};
		886FC5AC1B1E5FA6006ADDF4 /* Build configuration list for PBXNativeTarget "SuperMarketTests" */ = {
			isa = XCConfigurationList;
			buildConfigurations = (
				886FC5AD1B1E5FA6006ADDF4 /* Debug */,
				886FC5AE1B1E5FA6006ADDF4 /* Release */,
			);
			defaultConfigurationIsVisible = 0;
			defaultConfigurationName = Release;
		};
/* End XCConfigurationList section */
	};
	rootObject = 886FC5801B1E5FA6006ADDF4 /* Project object */;
}
